
Microsoft Visual Studio Solution File, Format Version 12.00
# Visual Studio Version 17
VisualStudioVersion = 17.14.36414.22 d17.14
MinimumVisualStudioVersion = 10.0.40219.1
Project("{9A19103F-16F7-4668-BE54-9A1E7A4F7556}") = "Eshava.Transition", "Eshava.Transition\Eshava.Transition.csproj", "{4102C82D-BB7A-4E38-BB5C-2CF5DC60B37E}"
EndProject
Project("{9A19103F-16F7-4668-BE54-9A1E7A4F7556}") = "Eshava.Test.Transition", "Eshava.Test.Transition\Eshava.Test.Transition.csproj", "{2A57A897-A2E0-4178-A2F5-4E91CCCEA8D1}"
EndProject
Project("{2150E333-8FDC-42A3-9474-1A3956D46DE8}") = "Transition", "Transition", "{1A276BD0-5C55-4208-AC59-B5F5315460F2}"
EndProject
Project("{2150E333-8FDC-42A3-9474-1A3956D46DE8}") = "Tests", "Tests", "{F7DAAF4F-34DB-4E34-83D5-24DB0D411195}"
EndProject
Project("{2150E333-8FDC-42A3-9474-1A3956D46DE8}") = "Solution Files", "Solution Files", "{50DF151F-7336-4E59-B416-D911B16DD432}"
	ProjectSection(SolutionItems) = preProject
		.editorconfig = .editorconfig
		.gitignore = .gitignore
		LICENSE = LICENSE
		README.md = README.md
	EndProjectSection
EndProject
Global
	GlobalSection(SolutionConfigurationPlatforms) = preSolution
		Debug|Any CPU = Debug|Any CPU
		Release|Any CPU = Release|Any CPU
	EndGlobalSection
	GlobalSection(ProjectConfigurationPlatforms) = postSolution
		{4102C82D-BB7A-4E38-BB5C-2CF5DC60B37E}.Debug|Any CPU.ActiveCfg = Debug|Any CPU
		{4102C82D-BB7A-4E38-BB5C-2CF5DC60B37E}.Debug|Any CPU.Build.0 = Debug|Any CPU
		{4102C82D-BB7A-4E38-BB5C-2CF5DC60B37E}.Release|Any CPU.ActiveCfg = Release|Any CPU
		{4102C82D-BB7A-4E38-BB5C-2CF5DC60B37E}.Release|Any CPU.Build.0 = Release|Any CPU
		{2A57A897-A2E0-4178-A2F5-4E91CCCEA8D1}.Debug|Any CPU.ActiveCfg = Debug|Any CPU
		{2A57A897-A2E0-4178-A2F5-4E91CCCEA8D1}.Debug|Any CPU.Build.0 = Debug|Any CPU
		{2A57A897-A2E0-4178-A2F5-4E91CCCEA8D1}.Release|Any CPU.ActiveCfg = Release|Any CPU
		{2A57A897-A2E0-4178-A2F5-4E91CCCEA8D1}.Release|Any CPU.Build.0 = Release|Any CPU
	EndGlobalSection
	GlobalSection(SolutionProperties) = preSolution
		HideSolutionNode = FALSE
	EndGlobalSection
	GlobalSection(NestedProjects) = preSolution
		{4102C82D-BB7A-4E38-BB5C-2CF5DC60B37E} = {1A276BD0-5C55-4208-AC59-B5F5315460F2}
		{2A57A897-A2E0-4178-A2F5-4E91CCCEA8D1} = {F7DAAF4F-34DB-4E34-83D5-24DB0D411195}
	EndGlobalSection
	GlobalSection(ExtensibilityGlobals) = postSolution
		SolutionGuid = {15FE3D64-0453-43A0-AA81-6D7255BEC4D0}
	EndGlobalSection
EndGlobal
